// !$*UTF8*$!
{
	archiveVersion = 1;
	classes = {
	};
	objectVersion = 50;
	objects = {

/* Begin PBXBuildFile section */
		BB4591B2232079AC00566590 /* AppDelegate.swift in Sources */ = {isa = PBXBuildFile; fileRef = BB4591B1232079AC00566590 /* AppDelegate.swift */; };
		BB4591B4232079AC00566590 /* ChecklistViewController.swift in Sources */ = {isa = PBXBuildFile; fileRef = BB4591B3232079AC00566590 /* ChecklistViewController.swift */; };
		BB4591B7232079AC00566590 /* Main.storyboard in Resources */ = {isa = PBXBuildFile; fileRef = BB4591B5232079AC00566590 /* Main.storyboard */; };
		BB4591B9232079AD00566590 /* Assets.xcassets in Resources */ = {isa = PBXBuildFile; fileRef = BB4591B8232079AD00566590 /* Assets.xcassets */; };
		BB55C9BC23442C3A003E8005 /* AllListsViewController.swift in Sources */ = {isa = PBXBuildFile; fileRef = BB55C9BB23442C3A003E8005 /* AllListsViewController.swift */; };
		BB611157232DB130009B9114 /* CheckListItem.swift in Sources */ = {isa = PBXBuildFile; fileRef = BB611156232DB130009B9114 /* CheckListItem.swift */; };
		BB9C706F2351398F002E2226 /* DataModel.swift in Sources */ = {isa = PBXBuildFile; fileRef = BB9C706E2351398F002E2226 /* DataModel.swift */; };
		BBA89FC72332B66C0037DF9F /* ItemDetailViewController.swift in Sources */ = {isa = PBXBuildFile; fileRef = BBA89FC62332B66C0037DF9F /* ItemDetailViewController.swift */; };
		BBB3B21A234AD4560023DD41 /* Checklist.swift in Sources */ = {isa = PBXBuildFile; fileRef = BBB3B219234AD4560023DD41 /* Checklist.swift */; };
		BBB3B21C234C05960023DD41 /* ListDetailViewController.swift in Sources */ = {isa = PBXBuildFile; fileRef = BBB3B21B234C05960023DD41 /* ListDetailViewController.swift */; };
/* End PBXBuildFile section */

/* Begin PBXFileReference section */
		BB4591AE232079AC00566590 /* Habits.app */ = {isa = PBXFileReference; explicitFileType = wrapper.application; includeInIndex = 0; path = Habits.app; sourceTree = BUILT_PRODUCTS_DIR; };
		BB4591B1232079AC00566590 /* AppDelegate.swift */ = {isa = PBXFileReference; lastKnownFileType = sourcecode.swift; path = AppDelegate.swift; sourceTree = "<group>"; };
		BB4591B3232079AC00566590 /* ChecklistViewController.swift */ = {isa = PBXFileReference; lastKnownFileType = sourcecode.swift; path = ChecklistViewController.swift; sourceTree = "<group>"; };
		BB4591B6232079AC00566590 /* Base */ = {isa = PBXFileReference; lastKnownFileType = file.storyboard; name = Base; path = Base.lproj/Main.storyboard; sourceTree = "<group>"; };
		BB4591B8232079AD00566590 /* Assets.xcassets */ = {isa = PBXFileReference; lastKnownFileType = folder.assetcatalog; path = Assets.xcassets; sourceTree = "<group>"; };
		BB4591BD232079AD00566590 /* Info.plist */ = {isa = PBXFileReference; lastKnownFileType = text.plist.xml; path = Info.plist; sourceTree = "<group>"; };
		BB55C9BB23442C3A003E8005 /* AllListsViewController.swift */ = {isa = PBXFileReference; lastKnownFileType = sourcecode.swift; path = AllListsViewController.swift; sourceTree = "<group>"; };
		BB611156232DB130009B9114 /* CheckListItem.swift */ = {isa = PBXFileReference; lastKnownFileType = sourcecode.swift; path = CheckListItem.swift; sourceTree = "<group>"; };
		BB9C706E2351398F002E2226 /* DataModel.swift */ = {isa = PBXFileReference; lastKnownFileType = sourcecode.swift; path = DataModel.swift; sourceTree = "<group>"; };
		BBA89FC62332B66C0037DF9F /* ItemDetailViewController.swift */ = {isa = PBXFileReference; lastKnownFileType = sourcecode.swift; path = ItemDetailViewController.swift; sourceTree = "<group>"; };
		BBB3B219234AD4560023DD41 /* Checklist.swift */ = {isa = PBXFileReference; lastKnownFileType = sourcecode.swift; path = Checklist.swift; sourceTree = "<group>"; };
		BBB3B21B234C05960023DD41 /* ListDetailViewController.swift */ = {isa = PBXFileReference; lastKnownFileType = sourcecode.swift; path = ListDetailViewController.swift; sourceTree = "<group>"; };
/* End PBXFileReference section */

/* Begin PBXFrameworksBuildPhase section */
		BB4591AB232079AC00566590 /* Frameworks */ = {
			isa = PBXFrameworksBuildPhase;
			buildActionMask = 2147483647;
			files = (
			);
			runOnlyForDeploymentPostprocessing = 0;
		};
/* End PBXFrameworksBuildPhase section */

/* Begin PBXGroup section */
		BB4591A5232079AC00566590 = {
			isa = PBXGroup;
			children = (
				BB4591B0232079AC00566590 /* Checklists */,
				BB4591AF232079AC00566590 /* Products */,
			);
			sourceTree = "<group>";
		};
		BB4591AF232079AC00566590 /* Products */ = {
			isa = PBXGroup;
			children = (
				BB4591AE232079AC00566590 /* Habits.app */,
			);
			name = Products;
			sourceTree = "<group>";
		};
		BB4591B0232079AC00566590 /* Checklists */ = {
			isa = PBXGroup;
			children = (
				BB83CA202353D90600BE2012 /* Data Models */,
				BB83CA1D2353D8E000BE2012 /* View Controllers */,
				BB83CA1F2353D90000BE2012 /* Resources */,
				BB4591B1232079AC00566590 /* AppDelegate.swift */,
				BB4591BD232079AD00566590 /* Info.plist */,
			);
			path = Checklists;
			sourceTree = "<group>";
		};
		BB83CA1D2353D8E000BE2012 /* View Controllers */ = {
			isa = PBXGroup;
			children = (
				BB55C9BB23442C3A003E8005 /* AllListsViewController.swift */,
				BB4591B3232079AC00566590 /* ChecklistViewController.swift */,
				BBA89FC62332B66C0037DF9F /* ItemDetailViewController.swift */,
				BBB3B21B234C05960023DD41 /* ListDetailViewController.swift */,
			);
			path = "View Controllers";
			sourceTree = "<group>";
		};
		BB83CA1F2353D90000BE2012 /* Resources */ = {
			isa = PBXGroup;
			children = (
				BB4591B8232079AD00566590 /* Assets.xcassets */,
				BB4591B5232079AC00566590 /* Main.storyboard */,
			);
			path = Resources;
			sourceTree = "<group>";
		};
		BB83CA202353D90600BE2012 /* Data Models */ = {
			isa = PBXGroup;
			children = (
				BBB3B219234AD4560023DD41 /* Checklist.swift */,
				BB611156232DB130009B9114 /* CheckListItem.swift */,
				BB9C706E2351398F002E2226 /* DataModel.swift */,
			);
			path = "Data Models";
			sourceTree = "<group>";
		};
/* End PBXGroup section */

/* Begin PBXNativeTarget section */
		BB4591AD232079AC00566590 /* Habits */ = {
			isa = PBXNativeTarget;
			buildConfigurationList = BB4591C0232079AD00566590 /* Build configuration list for PBXNativeTarget "Habits" */;
			buildPhases = (
				BB4591AA232079AC00566590 /* Sources */,
				BB4591AB232079AC00566590 /* Frameworks */,
				BB4591AC232079AC00566590 /* Resources */,
			);
			buildRules = (
			);
			dependencies = (
			);
			name = Habits;
			productName = Checklists;
			productReference = BB4591AE232079AC00566590 /* Habits.app */;
			productType = "com.apple.product-type.application";
		};
/* End PBXNativeTarget section */

/* Begin PBXProject section */
		BB4591A6232079AC00566590 /* Project object */ = {
			isa = PBXProject;
			attributes = {
				LastSwiftUpdateCheck = 1030;
				LastUpgradeCheck = 1030;
				ORGANIZATIONNAME = "Eric Nguyen";
				TargetAttributes = {
					BB4591AD232079AC00566590 = {
						CreatedOnToolsVersion = 10.3;
					};
				};
			};
			buildConfigurationList = BB4591A9232079AC00566590 /* Build configuration list for PBXProject "Habits" */;
			compatibilityVersion = "Xcode 9.3";
			developmentRegion = en;
			hasScannedForEncodings = 0;
			knownRegions = (
				en,
				Base,
			);
			mainGroup = BB4591A5232079AC00566590;
			productRefGroup = BB4591AF232079AC00566590 /* Products */;
			projectDirPath = "";
			projectRoot = "";
			targets = (
				BB4591AD232079AC00566590 /* Habits */,
			);
		};
/* End PBXProject section */

/* Begin PBXResourcesBuildPhase section */
		BB4591AC232079AC00566590 /* Resources */ = {
			isa = PBXResourcesBuildPhase;
			buildActionMask = 2147483647;
			files = (
				BB4591B9232079AD00566590 /* Assets.xcassets in Resources */,
				BB4591B7232079AC00566590 /* Main.storyboard in Resources */,
			);
			runOnlyForDeploymentPostprocessing = 0;
		};
/* End PBXResourcesBuildPhase section */

/* Begin PBXSourcesBuildPhase section */
		BB4591AA232079AC00566590 /* Sources */ = {
			isa = PBXSourcesBuildPhase;
			buildActionMask = 2147483647;
			files = (
				BB611157232DB130009B9114 /* CheckListItem.swift in Sources */,
				BBB3B21C234C05960023DD41 /* ListDetailViewController.swift in Sources */,
				BBA89FC72332B66C0037DF9F /* ItemDetailViewController.swift in Sources */,
				BBB3B21A234AD4560023DD41 /* Checklist.swift in Sources */,
				BB4591B4232079AC00566590 /* ChecklistViewController.swift in Sources */,
				BB9C706F2351398F002E2226 /* DataModel.swift in Sources */,
				BB55C9BC23442C3A003E8005 /* AllListsViewController.swift in Sources */,
				BB4591B2232079AC00566590 /* AppDelegate.swift in Sources */,
			);
			runOnlyForDeploymentPostprocessing = 0;
		};
/* End PBXSourcesBuildPhase section */

/* Begin PBXVariantGroup section */
		BB4591B5232079AC00566590 /* Main.storyboard */ = {
			isa = PBXVariantGroup;
			children = (
				BB4591B6232079AC00566590 /* Base */,
			);
			name = Main.storyboard;
			sourceTree = "<group>";
		};
/* End PBXVariantGroup section */

/* Begin XCBuildConfiguration section */
		BB4591BE232079AD00566590 /* Debug */ = {
			isa = XCBuildConfiguration;
			buildSettings = {
				ALWAYS_SEARCH_USER_PATHS = NO;
				CLANG_ANALYZER_NONNULL = YES;
				CLANG_ANALYZER_NUMBER_OBJECT_CONVERSION = YES_AGGRESSIVE;
				CLANG_CXX_LANGUAGE_STANDARD = "gnu++14";
				CLANG_CXX_LIBRARY = "libc++";
				CLANG_ENABLE_MODULES = YES;
				CLANG_ENABLE_OBJC_ARC = YES;
				CLANG_ENABLE_OBJC_WEAK = YES;
				CLANG_WARN_BLOCK_CAPTURE_AUTORELEASING = YES;
				CLANG_WARN_BOOL_CONVERSION = YES;
				CLANG_WARN_COMMA = YES;
				CLANG_WARN_CONSTANT_CONVERSION = YES;
				CLANG_WARN_DEPRECATED_OBJC_IMPLEMENTATIONS = YES;
				CLANG_WARN_DIRECT_OBJC_ISA_USAGE = YES_ERROR;
				CLANG_WARN_DOCUMENTATION_COMMENTS = YES;
				CLANG_WARN_EMPTY_BODY = YES;
				CLANG_WARN_ENUM_CONVERSION = YES;
				CLANG_WARN_INFINITE_RECURSION = YES;
				CLANG_WARN_INT_CONVERSION = YES;
				CLANG_WARN_NON_LITERAL_NULL_CONVERSION = YES;
				CLANG_WARN_OBJC_IMPLICIT_RETAIN_SELF = YES;
				CLANG_WARN_OBJC_LITERAL_CONVERSION = YES;
				CLANG_WARN_OBJC_ROOT_CLASS = YES_ERROR;
				CLANG_WARN_RANGE_LOOP_ANALYSIS = YES;
				CLANG_WARN_STRICT_PROTOTYPES = YES;
				CLANG_WARN_SUSPICIOUS_MOVE = YES;
				CLANG_WARN_UNGUARDED_AVAILABILITY = YES_AGGRESSIVE;
				CLANG_WARN_UNREACHABLE_CODE = YES;
				CLANG_WARN__DUPLICATE_METHOD_MATCH = YES;
				CODE_SIGN_IDENTITY = "iPhone Developer";
				COPY_PHASE_STRIP = NO;
				DEBUG_INFORMATION_FORMAT = dwarf;
				ENABLE_STRICT_OBJC_MSGSEND = YES;
				ENABLE_TESTABILITY = YES;
				GCC_C_LANGUAGE_STANDARD = gnu11;
				GCC_DYNAMIC_NO_PIC = NO;
				GCC_NO_COMMON_BLOCKS = YES;
				GCC_OPTIMIZATION_LEVEL = 0;
				GCC_PREPROCESSOR_DEFINITIONS = (
					"DEBUG=1",
					"$(inherited)",
				);
				GCC_WARN_64_TO_32_BIT_CONVERSION = YES;
				GCC_WARN_ABOUT_RETURN_TYPE = YES_ERROR;
				GCC_WARN_UNDECLARED_SELECTOR = YES;
				GCC_WARN_UNINITIALIZED_AUTOS = YES_AGGRESSIVE;
				GCC_WARN_UNUSED_FUNCTION = YES;
				GCC_WARN_UNUSED_VARIABLE = YES;
				IPHONEOS_DEPLOYMENT_TARGET = 12.4;
				MTL_ENABLE_DEBUG_INFO = INCLUDE_SOURCE;
				MTL_FAST_MATH = YES;
				ONLY_ACTIVE_ARCH = YES;
				SDKROOT = iphoneos;
				SWIFT_ACTIVE_COMPILATION_CONDITIONS = DEBUG;
				SWIFT_OPTIMIZATION_LEVEL = "-Onone";
			};
			name = Debug;
		};
		BB4591BF232079AD00566590 /* Release */ = {
			isa = XCBuildConfiguration;
			buildSettings = {
				ALWAYS_SEARCH_USER_PATHS = NO;
				CLANG_ANALYZER_NONNULL = YES;
				CLANG_ANALYZER_NUMBER_OBJECT_CONVERSION = YES_AGGRESSIVE;
				CLANG_CXX_LANGUAGE_STANDARD = "gnu++14";
				CLANG_CXX_LIBRARY = "libc++";
				CLANG_ENABLE_MODULES = YES;
				CLANG_ENABLE_OBJC_ARC = YES;
				CLANG_ENABLE_OBJC_WEAK = YES;
				CLANG_WARN_BLOCK_CAPTURE_AUTORELEASING = YES;
				CLANG_WARN_BOOL_CONVERSION = YES;
				CLANG_WARN_COMMA = YES;
				CLANG_WARN_CONSTANT_CONVERSION = YES;
				CLANG_WARN_DEPRECATED_OBJC_IMPLEMENTATIONS = YES;
				CLANG_WARN_DIRECT_OBJC_ISA_USAGE = YES_ERROR;
				CLANG_WARN_DOCUMENTATION_COMMENTS = YES;
				CLANG_WARN_EMPTY_BODY = YES;
				CLANG_WARN_ENUM_CONVERSION = YES;
				CLANG_WARN_INFINITE_RECURSION = YES;
				CLANG_WARN_INT_CONVERSION = YES;
				CLANG_WARN_NON_LITERAL_NULL_CONVERSION = YES;
				CLANG_WARN_OBJC_IMPLICIT_RETAIN_SELF = YES;
				CLANG_WARN_OBJC_LITERAL_CONVERSION = YES;
				CLANG_WARN_OBJC_ROOT_CLASS = YES_ERROR;
				CLANG_WARN_RANGE_LOOP_ANALYSIS = YES;
				CLANG_WARN_STRICT_PROTOTYPES = YES;
				CLANG_WARN_SUSPICIOUS_MOVE = YES;
				CLANG_WARN_UNGUARDED_AVAILABILITY = YES_AGGRESSIVE;
				CLANG_WARN_UNREACHABLE_CODE = YES;
				CLANG_WARN__DUPLICATE_METHOD_MATCH = YES;
				CODE_SIGN_IDENTITY = "iPhone Developer";
				COPY_PHASE_STRIP = NO;
				DEBUG_INFORMATION_FORMAT = "dwarf-with-dsym";
				ENABLE_NS_ASSERTIONS = NO;
				ENABLE_STRICT_OBJC_MSGSEND = YES;
				GCC_C_LANGUAGE_STANDARD = gnu11;
				GCC_NO_COMMON_BLOCKS = YES;
				GCC_WARN_64_TO_32_BIT_CONVERSION = YES;
				GCC_WARN_ABOUT_RETURN_TYPE = YES_ERROR;
				GCC_WARN_UNDECLARED_SELECTOR = YES;
				GCC_WARN_UNINITIALIZED_AUTOS = YES_AGGRESSIVE;
				GCC_WARN_UNUSED_FUNCTION = YES;
				GCC_WARN_UNUSED_VARIABLE = YES;
				IPHONEOS_DEPLOYMENT_TARGET = 12.4;
				MTL_ENABLE_DEBUG_INFO = NO;
				MTL_FAST_MATH = YES;
				SDKROOT = iphoneos;
				SWIFT_COMPILATION_MODE = wholemodule;
				SWIFT_OPTIMIZATION_LEVEL = "-O";
				VALIDATE_PRODUCT = YES;
			};
			name = Release;
		};
		BB4591C1232079AD00566590 /* Debug */ = {
			isa = XCBuildConfiguration;
			buildSettings = {
				ASSETCATALOG_COMPILER_APPICON_NAME = AppIcon;
				CODE_SIGN_STYLE = Automatic;
				DEVELOPMENT_TEAM = 568BY4PSA9;
				INFOPLIST_FILE = Checklists/Info.plist;
				LD_RUNPATH_SEARCH_PATHS = (
					"$(inherited)",
					"@executable_path/Frameworks",
				);
				PRODUCT_BUNDLE_IDENTIFIER = nguyen.eric.Checklists;
				PRODUCT_NAME = "$(TARGET_NAME)";
				SWIFT_VERSION = 5.0;
				TARGETED_DEVICE_FAMILY = "1,2";
			};
			name = Debug;
		};
		BB4591C2232079AD00566590 /* Release */ = {
			isa = XCBuildConfiguration;
			buildSettings = {
				ASSETCATALOG_COMPILER_APPICON_NAME = AppIcon;
				CODE_SIGN_STYLE = Automatic;
				DEVELOPMENT_TEAM = 568BY4PSA9;
				INFOPLIST_FILE = Checklists/Info.plist;
				LD_RUNPATH_SEARCH_PATHS = (
					"$(inherited)",
					"@executable_path/Frameworks",
				);
				PRODUCT_BUNDLE_IDENTIFIER = nguyen.eric.Checklists;
				PRODUCT_NAME = "$(TARGET_NAME)";
				SWIFT_VERSION = 5.0;
				TARGETED_DEVICE_FAMILY = "1,2";
			};
			name = Release;
		};
/* End XCBuildConfiguration section */

/* Begin XCConfigurationList section */
		BB4591A9232079AC00566590 /* Build configuration list for PBXProject "Habits" */ = {
			isa = XCConfigurationList;
			buildConfigurations = (
				BB4591BE232079AD00566590 /* Debug */,
				BB4591BF232079AD00566590 /* Release */,
			);
			defaultConfigurationIsVisible = 0;
			defaultConfigurationName = Release;
		};
		BB4591C0232079AD00566590 /* Build configuration list for PBXNativeTarget "Habits" */ = {
			isa = XCConfigurationList;
			buildConfigurations = (
				BB4591C1232079AD00566590 /* Debug */,
				BB4591C2232079AD00566590 /* Release */,
			);
			defaultConfigurationIsVisible = 0;
			defaultConfigurationName = Release;
		};
/* End XCConfigurationList section */
	};
	rootObject = BB4591A6232079AC00566590 /* Project object */;
}
